
Microsoft Visual Studio Solution File, Format Version 12.00
# Visual Studio Version 17
VisualStudioVersion = 17.14.36301.6 d17.14
MinimumVisualStudioVersion = 10.0.40219.1
Project("{FAE04EC0-301F-11D3-BF4B-00C04F79EFBC}") = "Final Project", "Final Project.csproj", "{CDB73C6D-E175-43C2-8B39-AAD14AE94E8D}"
EndProject
Global
	GlobalSection(SolutionConfigurationPlatforms) = preSolution
		Debug|Any CPU = Debug|Any CPU
		Release|Any CPU = Release|Any CPU
	EndGlobalSection
	GlobalSection(ProjectConfigurationPlatforms) = postSolution
		{CDB73C6D-E175-43C2-8B39-AAD14AE94E8D}.Debug|Any CPU.ActiveCfg = Debug|Any CPU
		{CDB73C6D-E175-43C2-8B39-AAD14AE94E8D}.Debug|Any CPU.Build.0 = Debug|Any CPU
		{CDB73C6D-E175-43C2-8B39-AAD14AE94E8D}.Release|Any CPU.ActiveCfg = Release|Any CPU
		{CDB73C6D-E175-43C2-8B39-AAD14AE94E8D}.Release|Any CPU.Build.0 = Release|Any CPU
	EndGlobalSection
	GlobalSection(SolutionProperties) = preSolution
		HideSolutionNode = FALSE
	EndGlobalSection
	GlobalSection(ExtensibilityGlobals) = postSolution
		SolutionGuid = {1003AE07-FA28-427E-A540-B4AD7DD2B4CF}
	EndGlobalSection
EndGlobal
